
Microsoft Visual Studio Solution File, Format Version 12.00
# Visual Studio 2012
Project("{8BC9CEB8-8B4A-11D0-8D11-00A0C91BC942}") = "uNext", "uNext\uNext.vcxproj", "{DE7E650D-BC2A-405B-982E-D3B030DE4814}"
EndProject
Global
	GlobalSection(SolutionConfigurationPlatforms) = preSolution
		Debug|Win32 = Debug|Win32
		Release|Win32 = Release|Win32
	EndGlobalSection
	GlobalSection(ProjectConfigurationPlatforms) = postSolution
		{DE7E650D-BC2A-405B-982E-D3B030DE4814}.Debug|Win32.ActiveCfg = Debug|Win32
		{DE7E650D-BC2A-405B-982E-D3B030DE4814}.Debug|Win32.Build.0 = Debug|Win32
		{DE7E650D-BC2A-405B-982E-D3B030DE4814}.Release|Win32.ActiveCfg = Release|Win32
		{DE7E650D-BC2A-405B-982E-D3B030DE4814}.Release|Win32.Build.0 = Release|Win32
	EndGlobalSection
	GlobalSection(SolutionProperties) = preSolution
		HideSolutionNode = FALSE
	EndGlobalSection
EndGlobal
