<?xml version="1.0" encoding="utf-8"?>
<Project ToolsVersion="4.0" xmlns="http://schemas.microsoft.com/developer/msbuild/2003">
  <ItemGroup>
    <Filter Include="Source Files">
      <UniqueIdentifier>{4FC737F1-C7A5-4376-A066-2A32D752A2FF}</UniqueIdentifier>
      <Extensions>cpp;c;cc;cxx;def;odl;idl;hpj;bat;asm;asmx</Extensions>
    </Filter>
    <Filter Include="Header Files">
      <UniqueIdentifier>{93995380-89BD-4b04-88EB-625FBE52EBFB}</UniqueIdentifier>
      <Extensions>h;hpp;hxx;hm;inl;inc;xsd</Extensions>
    </Filter>
    <Filter Include="Resource Files">
      <UniqueIdentifier>{67DA6AB6-F800-4c08-8B7A-83BB121AAD01}</UniqueIdentifier>
      <Extensions>rc;ico;cur;bmp;dlg;rc2;rct;bin;rgs;gif;jpg;jpeg;jpe;resx;tiff;tif;png;wav;mfcribbon-ms</Extensions>
    </Filter>
  </ItemGroup>
  <ItemGroup>
    <ClCompile Include="main.cpp">
      <Filter>Source Files</Filter>
    </ClCompile>
    <ClCompile Include="Core.cpp">
      <Filter>Source Files</Filter>
    </ClCompile>
    <ClCompile Include="IMG.cpp">
      <Filter>Source Files</Filter>
    </ClCompile>
    <ClCompile Include="Map.cpp">
      <Filter>Source Files</Filter>
    </ClCompile>
    <ClCompile Include="Block.cpp">
      <Filter>Source Files</Filter>
    </ClCompile>
    <ClCompile Include="Sprite.cpp">
      <Filter>Source Files</Filter>
    </ClCompile>
    <ClCompile Include="MapLevel.cpp">
      <Filter>Source Files</Filter>
    </ClCompile>
    <ClCompile Include="CFG.cpp">
      <Filter>Source Files</Filter>
    </ClCompile>
    <ClCompile Include="Player.cpp">
      <Filter>Source Files</Filter>
    </ClCompile>
    <ClCompile Include="Vector2.cpp">
      <Filter>Source Files</Filter>
    </ClCompile>
    <ClCompile Include="Minion.cpp">
      <Filter>Source Files</Filter>
    </ClCompile>
    <ClCompile Include="Goombas.cpp">
      <Filter>Source Files</Filter>
    </ClCompile>
    <ClCompile Include="Mushroom.cpp">
      <Filter>Source Files</Filter>
    </ClCompile>
    <ClCompile Include="Text.cpp">
      <Filter>Source Files</Filter>
    </ClCompile>
    <ClCompile Include="MenuManager.cpp">
      <Filter>Source Files</Filter>
    </ClCompile>
    <ClCompile Include="Menu.cpp">
      <Filter>Source Files</Filter>
    </ClCompile>
    <ClCompile Include="MenuOption.cpp">
      <Filter>Source Files</Filter>
    </ClCompile>
    <ClCompile Include="MainMenu.cpp">
      <Filter>Source Files</Filter>
    </ClCompile>
    <ClCompile Include="LoadingMenu.cpp">
      <Filter>Source Files</Filter>
    </ClCompile>
    <ClCompile Include="AboutMenu.cpp">
      <Filter>Source Files</Filter>
    </ClCompile>
    <ClCompile Include="Points.cpp">
      <Filter>Source Files</Filter>
    </ClCompile>
    <ClCompile Include="Coin.cpp">
      <Filter>Source Files</Filter>
    </ClCompile>
    <ClCompile Include="BlockDebris.cpp">
      <Filter>Source Files</Filter>
    </ClCompile>
    <ClCompile Include="Flower.cpp">
      <Filter>Source Files</Filter>
    </ClCompile>
    <ClCompile Include="Koppa.cpp">
      <Filter>Source Files</Filter>
    </ClCompile>
    <ClCompile Include="Event.cpp">
      <Filter>Source Files</Filter>
    </ClCompile>
    <ClCompile Include="Pipe.cpp">
      <Filter>Source Files</Filter>
    </ClCompile>
    <ClCompile Include="Platform.cpp">
      <Filter>Source Files</Filter>
    </ClCompile>
    <ClCompile Include="LevelText.cpp">
      <Filter>Source Files</Filter>
    </ClCompile>
    <ClCompile Include="Plant.cpp">
      <Filter>Source Files</Filter>
    </ClCompile>
    <ClCompile Include="Bowser.cpp">
      <Filter>Source Files</Filter>
    </ClCompile>
    <ClCompile Include="Fire.cpp">
      <Filter>Source Files</Filter>
    </ClCompile>
    <ClCompile Include="FireBall.cpp">
      <Filter>Source Files</Filter>
    </ClCompile>
    <ClCompile Include="Flag.cpp">
      <Filter>Source Files</Filter>
    </ClCompile>
    <ClCompile Include="Star.cpp">
      <Filter>Source Files</Filter>
    </ClCompile>
    <ClCompile Include="PlayerFireBall.cpp">
      <Filter>Source Files</Filter>
    </ClCompile>
    <ClCompile Include="Music.cpp">
      <Filter>Source Files</Filter>
    </ClCompile>
    <ClCompile Include="Toad.cpp">
      <Filter>Source Files</Filter>
    </ClCompile>
    <ClCompile Include="Squid.cpp">
      <Filter>Source Files</Filter>
    </ClCompile>
    <ClCompile Include="Bubble.cpp">
      <Filter>Source Files</Filter>
    </ClCompile>
    <ClCompile Include="Cheep.cpp">
      <Filter>Source Files</Filter>
    </ClCompile>
    <ClCompile Include="CheepSpawner.cpp">
      <Filter>Source Files</Filter>
    </ClCompile>
    <ClCompile Include="UpFire.cpp">
      <Filter>Source Files</Filter>
    </ClCompile>
    <ClCompile Include="Vine.cpp">
      <Filter>Source Files</Filter>
    </ClCompile>
    <ClCompile Include="Spring.cpp">
      <Filter>Source Files</Filter>
    </ClCompile>
    <ClCompile Include="HammerBro.cpp">
      <Filter>Source Files</Filter>
    </ClCompile>
    <ClCompile Include="Hammer.cpp">
      <Filter>Source Files</Filter>
    </ClCompile>
    <ClCompile Include="Console.cpp">
      <Filter>Source Files</Filter>
    </ClCompile>
    <ClCompile Include="LevelEditor.cpp">
      <Filter>Source Files</Filter>
    </ClCompile>
    <ClCompile Include="Lakito.cpp">
      <Filter>Source Files</Filter>
    </ClCompile>
    <ClCompile Include="Spikey.cpp">
      <Filter>Source Files</Filter>
    </ClCompile>
    <ClCompile Include="Beetle.cpp">
      <Filter>Source Files</Filter>
    </ClCompile>
    <ClCompile Include="BulletBill.cpp">
      <Filter>Source Files</Filter>
    </ClCompile>
    <ClCompile Include="BulletBillSpawner.cpp">
      <Filter>Source Files</Filter>
    </ClCompile>
    <ClCompile Include="OptionsMenu.cpp">
      <Filter>Source Files</Filter>
    </ClCompile>
    <ClCompile Include="PauseMenu.cpp">
      <Filter>Source Files</Filter>
    </ClCompile>
  </ItemGroup>
  <ItemGroup>
    <ClInclude Include="header.h">
      <Filter>Header Files</Filter>
    </ClInclude>
    <ClInclude Include="Core.h">
      <Filter>Header Files</Filter>
    </ClInclude>
    <ClInclude Include="IMG.h">
      <Filter>Header Files</Filter>
    </ClInclude>
    <ClInclude Include="Map.h">
      <Filter>Header Files</Filter>
    </ClInclude>
    <ClInclude Include="Block.h">
      <Filter>Header Files</Filter>
    </ClInclude>
    <ClInclude Include="Sprite.h">
      <Filter>Header Files</Filter>
    </ClInclude>
    <ClInclude Include="MapLevel.h">
      <Filter>Header Files</Filter>
    </ClInclude>
    <ClInclude Include="CFG.h">
      <Filter>Header Files</Filter>
    </ClInclude>
    <ClInclude Include="Player.h">
      <Filter>Header Files</Filter>
    </ClInclude>
    <ClInclude Include="Vector2.h">
      <Filter>Header Files</Filter>
    </ClInclude>
    <ClInclude Include="Minion.h">
      <Filter>Header Files</Filter>
    </ClInclude>
    <ClInclude Include="Goombas.h">
      <Filter>Header Files</Filter>
    </ClInclude>
    <ClInclude Include="Mushroom.h">
      <Filter>Header Files</Filter>
    </ClInclude>
    <ClInclude Include="Text.h">
      <Filter>Header Files</Filter>
    </ClInclude>
    <ClInclude Include="MenuManager.h">
      <Filter>Header Files</Filter>
    </ClInclude>
    <ClInclude Include="Menu.h">
      <Filter>Header Files</Filter>
    </ClInclude>
    <ClInclude Include="MenuOption.h">
      <Filter>Header Files</Filter>
    </ClInclude>
    <ClInclude Include="MainMenu.h">
      <Filter>Header Files</Filter>
    </ClInclude>
    <ClInclude Include="LoadingMenu.h">
      <Filter>Header Files</Filter>
    </ClInclude>
    <ClInclude Include="AboutMenu.h">
      <Filter>Header Files</Filter>
    </ClInclude>
    <ClInclude Include="Points.h">
      <Filter>Header Files</Filter>
    </ClInclude>
    <ClInclude Include="Coin.h">
      <Filter>Header Files</Filter>
    </ClInclude>
    <ClInclude Include="resource.h">
      <Filter>Header Files</Filter>
    </ClInclude>
    <ClInclude Include="BlockDebris.h">
      <Filter>Header Files</Filter>
    </ClInclude>
    <ClInclude Include="Flower.h">
      <Filter>Header Files</Filter>
    </ClInclude>
    <ClInclude Include="Koppa.h">
      <Filter>Header Files</Filter>
    </ClInclude>
    <ClInclude Include="Event.h">
      <Filter>Header Files</Filter>
    </ClInclude>
    <ClInclude Include="Pipe.h">
      <Filter>Header Files</Filter>
    </ClInclude>
    <ClInclude Include="Platform.h">
      <Filter>Header Files</Filter>
    </ClInclude>
    <ClInclude Include="LevelText.h">
      <Filter>Header Files</Filter>
    </ClInclude>
    <ClInclude Include="Plant.h">
      <Filter>Header Files</Filter>
    </ClInclude>
    <ClInclude Include="Bowser.h">
      <Filter>Header Files</Filter>
    </ClInclude>
    <ClInclude Include="Fire.h">
      <Filter>Header Files</Filter>
    </ClInclude>
    <ClInclude Include="FireBall.h">
      <Filter>Header Files</Filter>
    </ClInclude>
    <ClInclude Include="Flag.h">
      <Filter>Header Files</Filter>
    </ClInclude>
    <ClInclude Include="Star.h">
      <Filter>Header Files</Filter>
    </ClInclude>
    <ClInclude Include="PlayerFireBall.h">
      <Filter>Header Files</Filter>
    </ClInclude>
    <ClInclude Include="Music.h">
      <Filter>Header Files</Filter>
    </ClInclude>
    <ClInclude Include="Toad.h">
      <Filter>Header Files</Filter>
    </ClInclude>
    <ClInclude Include="Squid.h">
      <Filter>Header Files</Filter>
    </ClInclude>
    <ClInclude Include="Bubble.h">
      <Filter>Header Files</Filter>
    </ClInclude>
    <ClInclude Include="Cheep.h">
      <Filter>Header Files</Filter>
    </ClInclude>
    <ClInclude Include="CheepSpawner.h">
      <Filter>Header Files</Filter>
    </ClInclude>
    <ClInclude Include="UpFire.h">
      <Filter>Header Files</Filter>
    </ClInclude>
    <ClInclude Include="Vine.h">
      <Filter>Header Files</Filter>
    </ClInclude>
    <ClInclude Include="Spring.h">
      <Filter>Header Files</Filter>
    </ClInclude>
    <ClInclude Include="HammerBro.h">
      <Filter>Header Files</Filter>
    </ClInclude>
    <ClInclude Include="Hammer.h">
      <Filter>Header Files</Filter>
    </ClInclude>
    <ClInclude Include="Console.h">
      <Filter>Header Files</Filter>
    </ClInclude>
    <ClInclude Include="LevelEditor.h">
      <Filter>Header Files</Filter>
    </ClInclude>
    <ClInclude Include="Lakito.h">
      <Filter>Header Files</Filter>
    </ClInclude>
    <ClInclude Include="Spikey.h">
      <Filter>Header Files</Filter>
    </ClInclude>
    <ClInclude Include="Beetle.h">
      <Filter>Header Files</Filter>
    </ClInclude>
    <ClInclude Include="BulletBill.h">
      <Filter>Header Files</Filter>
    </ClInclude>
    <ClInclude Include="BulletBillSpawner.h">
      <Filter>Header Files</Filter>
    </ClInclude>
    <ClInclude Include="OptionsMenu.h">
      <Filter>Header Files</Filter>
    </ClInclude>
    <ClInclude Include="PauseMenu.h">
      <Filter>Header Files</Filter>
    </ClInclude>
  </ItemGroup>
  <ItemGroup>
    <ResourceCompile Include="uNext.rc">
      <Filter>Resource Files</Filter>
    </ResourceCompile>
  </ItemGroup>
  <ItemGroup>
    <Image Include="..\app.ico">
      <Filter>Resource Files</Filter>
    </Image>
  </ItemGroup>
</Project>